
Microsoft Visual Studio Solution File, Format Version 12.00
# Visual Studio Version 17
VisualStudioVersion = 17.10.35122.118
MinimumVisualStudioVersion = 10.0.40219.1
Project("{FAE04EC0-301F-11D3-BF4B-00C04F79EFBC}") = "ChapChap.Api", "ChapChap.Api\ChapChap.Api.csproj", "{EB4E0884-CC97-443D-AB5F-9437E08D8C4A}"
EndProject
Project("{FAE04EC0-301F-11D3-BF4B-00C04F79EFBC}") = "ChapChap.Grpc", "ChapChap.Grpc\ChapChap.Grpc.csproj", "{606A9485-9B40-4AFD-B35F-7FA92386F6B5}"
EndProject
Global
	GlobalSection(SolutionConfigurationPlatforms) = preSolution
		Debug|Any CPU = Debug|Any CPU
		Release|Any CPU = Release|Any CPU
	EndGlobalSection
	GlobalSection(ProjectConfigurationPlatforms) = postSolution
		{EB4E0884-CC97-443D-AB5F-9437E08D8C4A}.Debug|Any CPU.ActiveCfg = Debug|Any CPU
		{EB4E0884-CC97-443D-AB5F-9437E08D8C4A}.Debug|Any CPU.Build.0 = Debug|Any CPU
		{EB4E0884-CC97-443D-AB5F-9437E08D8C4A}.Release|Any CPU.ActiveCfg = Release|Any CPU
		{EB4E0884-CC97-443D-AB5F-9437E08D8C4A}.Release|Any CPU.Build.0 = Release|Any CPU
		{606A9485-9B40-4AFD-B35F-7FA92386F6B5}.Debug|Any CPU.ActiveCfg = Debug|Any CPU
		{606A9485-9B40-4AFD-B35F-7FA92386F6B5}.Debug|Any CPU.Build.0 = Debug|Any CPU
		{606A9485-9B40-4AFD-B35F-7FA92386F6B5}.Release|Any CPU.ActiveCfg = Release|Any CPU
		{606A9485-9B40-4AFD-B35F-7FA92386F6B5}.Release|Any CPU.Build.0 = Release|Any CPU
	EndGlobalSection
	GlobalSection(SolutionProperties) = preSolution
		HideSolutionNode = FALSE
	EndGlobalSection
	GlobalSection(ExtensibilityGlobals) = postSolution
		SolutionGuid = {BDBEBAA6-48CB-4019-AA49-0C2C15A3EA9F}
	EndGlobalSection
EndGlobal
